
Microsoft Visual Studio Solution File, Format Version 12.00
# Visual Studio 15
VisualStudioVersion = 15.0.27130.2010
MinimumVisualStudioVersion = 10.0.40219.1
Project("{FAE04EC0-301F-11D3-BF4B-00C04F79EFBC}") = "Kendo", "Kendo\Kendo.csproj", "{1B31F3F9-D490-41BB-9027-0675BCF6A8EE}"
EndProject
Global
	GlobalSection(SolutionConfigurationPlatforms) = preSolution
		Debug|Any CPU = Debug|Any CPU
		Release|Any CPU = Release|Any CPU
	EndGlobalSection
	GlobalSection(ProjectConfigurationPlatforms) = postSolution
		{1B31F3F9-D490-41BB-9027-0675BCF6A8EE}.Debug|Any CPU.ActiveCfg = Debug|Any CPU
		{1B31F3F9-D490-41BB-9027-0675BCF6A8EE}.Debug|Any CPU.Build.0 = Debug|Any CPU
		{1B31F3F9-D490-41BB-9027-0675BCF6A8EE}.Release|Any CPU.ActiveCfg = Release|Any CPU
		{1B31F3F9-D490-41BB-9027-0675BCF6A8EE}.Release|Any CPU.Build.0 = Release|Any CPU
	EndGlobalSection
	GlobalSection(SolutionProperties) = preSolution
		HideSolutionNode = FALSE
	EndGlobalSection
	GlobalSection(ExtensibilityGlobals) = postSolution
		SolutionGuid = {F8AA7C70-13DB-49F6-82E3-22A91E601D50}
	EndGlobalSection
EndGlobal
